
Microsoft Visual Studio Solution File, Format Version 12.00
# Visual Studio Version 16
VisualStudioVersion = 16.0.30011.22
MinimumVisualStudioVersion = 10.0.40219.1
Project("{00D1A9C2-B5F0-4AF3-8072-F6C62B433612}") = "SQLMICLRDemo", "SQLMICLRDemo.sqlproj", "{465497D5-3637-4556-8A72-C20A78B6AC80}"
EndProject
Global
	GlobalSection(SolutionConfigurationPlatforms) = preSolution
		Debug|Any CPU = Debug|Any CPU
		Release|Any CPU = Release|Any CPU
	EndGlobalSection
	GlobalSection(ProjectConfigurationPlatforms) = postSolution
		{465497D5-3637-4556-8A72-C20A78B6AC80}.Debug|Any CPU.ActiveCfg = Debug|Any CPU
		{465497D5-3637-4556-8A72-C20A78B6AC80}.Debug|Any CPU.Build.0 = Debug|Any CPU
		{465497D5-3637-4556-8A72-C20A78B6AC80}.Debug|Any CPU.Deploy.0 = Debug|Any CPU
		{465497D5-3637-4556-8A72-C20A78B6AC80}.Release|Any CPU.ActiveCfg = Release|Any CPU
		{465497D5-3637-4556-8A72-C20A78B6AC80}.Release|Any CPU.Build.0 = Release|Any CPU
		{465497D5-3637-4556-8A72-C20A78B6AC80}.Release|Any CPU.Deploy.0 = Release|Any CPU
	EndGlobalSection
	GlobalSection(SolutionProperties) = preSolution
		HideSolutionNode = FALSE
	EndGlobalSection
	GlobalSection(ExtensibilityGlobals) = postSolution
		SolutionGuid = {D9706D59-2791-4A49-BEE1-D73E9E5AA949}
	EndGlobalSection
EndGlobal
